dependencies:
- name: mysql
  repository: file://../mysql
  version: 0.1.0
- name: nats
  repository: file://../nats-server
  version: 0.1.0
- name: secret-agency
  repository: file://../secret-agency
  version: 0.1.0
digest: sha256:cf91df0177ededadd3a68d2c2ab229f361ff150757ee718fccf1b8312eb5a4a6
generated: "2025-03-21T01:12:53.2150001+01:00"
