dependencies:
- name: nats
  repository: file://charts/nats-server
  version: 0.1.0
- name: mysql
  repository: file://charts/mysql
  version: 0.1.0
- name: secret-agency
  repository: file://charts/secret-agency
  version: 0.1.0
- name: frontend
  repository: file://charts/frontend
  version: 0.1.0
digest: sha256:138fdde18c8d7e102cdf8fb9e4fce11e0f7de97b9f2ea81aff4da8c44bfb4b34
generated: "2025-06-07T17:35:17.3412235+02:00"
